
Microsoft Visual Studio Solution File, Format Version 12.00
# Visual Studio Version 16
VisualStudioVersion = 16.0.31105.61
MinimumVisualStudioVersion = 10.0.40219.1
Project("{FAE04EC0-301F-11D3-BF4B-00C04F79EFBC}") = "InterfaceRobot", "InterfaceRobot.csproj", "{6EBD8D9D-F2D8-432A-9CBA-1249495BFA94}"
EndProject
Project("{FAE04EC0-301F-11D3-BF4B-00C04F79EFBC}") = "ExtendedSerialPort", "..\ExtendedSerialPort\ExtendedSerialPort.csproj", "{21AC599E-E3D5-4181-AA0F-7C2E00CCA016}"
EndProject
Global
	GlobalSection(SolutionConfigurationPlatforms) = preSolution
		Debug|Any CPU = Debug|Any CPU
		Release|Any CPU = Release|Any CPU
	EndGlobalSection
	GlobalSection(ProjectConfigurationPlatforms) = postSolution
		{6EBD8D9D-F2D8-432A-9CBA-1249495BFA94}.Debug|Any CPU.ActiveCfg = Debug|Any CPU
		{6EBD8D9D-F2D8-432A-9CBA-1249495BFA94}.Debug|Any CPU.Build.0 = Debug|Any CPU
		{6EBD8D9D-F2D8-432A-9CBA-1249495BFA94}.Release|Any CPU.ActiveCfg = Release|Any CPU
		{6EBD8D9D-F2D8-432A-9CBA-1249495BFA94}.Release|Any CPU.Build.0 = Release|Any CPU
		{21AC599E-E3D5-4181-AA0F-7C2E00CCA016}.Debug|Any CPU.ActiveCfg = Debug|Any CPU
		{21AC599E-E3D5-4181-AA0F-7C2E00CCA016}.Debug|Any CPU.Build.0 = Debug|Any CPU
		{21AC599E-E3D5-4181-AA0F-7C2E00CCA016}.Release|Any CPU.ActiveCfg = Release|Any CPU
		{21AC599E-E3D5-4181-AA0F-7C2E00CCA016}.Release|Any CPU.Build.0 = Release|Any CPU
	EndGlobalSection
	GlobalSection(SolutionProperties) = preSolution
		HideSolutionNode = FALSE
	EndGlobalSection
	GlobalSection(ExtensibilityGlobals) = postSolution
		SolutionGuid = {D5DF6F39-C651-49F2-A6E7-B8AD4C0B16ED}
	EndGlobalSection
EndGlobal
